
Microsoft Visual Studio Solution File, Format Version 12.00
# Visual Studio Version 16
VisualStudioVersion = 16.0.31727.386
MinimumVisualStudioVersion = 10.0.40219.1
Project("{FAE04EC0-301F-11D3-BF4B-00C04F79EFBC}") = "GoldPriceTracker", "GoldPriceTracker.csproj", "{3B652174-5D6B-4EC0-BD05-B00E61E751D6}"
EndProject
Project("{2150E333-8FDC-42A3-9474-1A3956D46DE8}") = "Solution Items", "Solution Items", "{A524CB61-29B9-4D86-A476-61BBD4AA4B78}"
	ProjectSection(SolutionItems) = preProject
		.editorconfig = .editorconfig
	EndProjectSection
EndProject
Global
	GlobalSection(SolutionConfigurationPlatforms) = preSolution
		Debug|Any CPU = Debug|Any CPU
		Release|Any CPU = Release|Any CPU
	EndGlobalSection
	GlobalSection(ProjectConfigurationPlatforms) = postSolution
		{3B652174-5D6B-4EC0-BD05-B00E61E751D6}.Debug|Any CPU.ActiveCfg = Debug|Any CPU
		{3B652174-5D6B-4EC0-BD05-B00E61E751D6}.Debug|Any CPU.Build.0 = Debug|Any CPU
		{3B652174-5D6B-4EC0-BD05-B00E61E751D6}.Release|Any CPU.ActiveCfg = Release|Any CPU
		{3B652174-5D6B-4EC0-BD05-B00E61E751D6}.Release|Any CPU.Build.0 = Release|Any CPU
	EndGlobalSection
	GlobalSection(SolutionProperties) = preSolution
		HideSolutionNode = FALSE
	EndGlobalSection
	GlobalSection(ExtensibilityGlobals) = postSolution
		SolutionGuid = {F78FEAC3-CB42-4774-9841-917330833F37}
	EndGlobalSection
EndGlobal
